
Microsoft Visual Studio Solution File, Format Version 12.00
# Visual Studio 15
VisualStudioVersion = 15.0.28307.572
MinimumVisualStudioVersion = 10.0.40219.1
Project("{FAE04EC0-301F-11D3-BF4B-00C04F79EFBC}") = "LibraryCourseProject", "LibraryCourseProject\LibraryCourseProject.csproj", "{087DA006-30DA-4AE5-B445-8513625C7BDA}"
EndProject
Global
	GlobalSection(SolutionConfigurationPlatforms) = preSolution
		Debug|Any CPU = Debug|Any CPU
		Release|Any CPU = Release|Any CPU
	EndGlobalSection
	GlobalSection(ProjectConfigurationPlatforms) = postSolution
		{087DA006-30DA-4AE5-B445-8513625C7BDA}.Debug|Any CPU.ActiveCfg = Debug|Any CPU
		{087DA006-30DA-4AE5-B445-8513625C7BDA}.Debug|Any CPU.Build.0 = Debug|Any CPU
		{087DA006-30DA-4AE5-B445-8513625C7BDA}.Release|Any CPU.ActiveCfg = Release|Any CPU
		{087DA006-30DA-4AE5-B445-8513625C7BDA}.Release|Any CPU.Build.0 = Release|Any CPU
	EndGlobalSection
	GlobalSection(SolutionProperties) = preSolution
		HideSolutionNode = FALSE
	EndGlobalSection
	GlobalSection(ExtensibilityGlobals) = postSolution
		SolutionGuid = {49EB36A7-6299-470E-87C1-887E7CD4B1ED}
	EndGlobalSection
EndGlobal
